
Microsoft Visual Studio Solution File, Format Version 12.00
# Visual Studio 15
VisualStudioVersion = 15.0.28307.489
MinimumVisualStudioVersion = 10.0.40219.1
Project("{FAE04EC0-301F-11D3-BF4B-00C04F79EFBC}") = "SlypeMemory", "SlypeMemory\SlypeMemory.csproj", "{93F9126D-9FC8-47F2-A822-61502180AB7C}"
EndProject
Global
	GlobalSection(SolutionConfigurationPlatforms) = preSolution
		Debug|Any CPU = Debug|Any CPU
		Release|Any CPU = Release|Any CPU
	EndGlobalSection
	GlobalSection(ProjectConfigurationPlatforms) = postSolution
		{93F9126D-9FC8-47F2-A822-61502180AB7C}.Debug|Any CPU.ActiveCfg = Debug|Any CPU
		{93F9126D-9FC8-47F2-A822-61502180AB7C}.Debug|Any CPU.Build.0 = Debug|Any CPU
		{93F9126D-9FC8-47F2-A822-61502180AB7C}.Release|Any CPU.ActiveCfg = Release|Any CPU
		{93F9126D-9FC8-47F2-A822-61502180AB7C}.Release|Any CPU.Build.0 = Release|Any CPU
	EndGlobalSection
	GlobalSection(SolutionProperties) = preSolution
		HideSolutionNode = FALSE
	EndGlobalSection
	GlobalSection(ExtensibilityGlobals) = postSolution
		SolutionGuid = {5F24BA47-C1AB-4603-BA4E-9C8863462559}
	EndGlobalSection
EndGlobal
